
Microsoft Visual Studio Solution File, Format Version 12.00
# Visual Studio 14
VisualStudioVersion = 14.0.25420.1
MinimumVisualStudioVersion = 10.0.40219.1
Project("{FAE04EC0-301F-11D3-BF4B-00C04F79EFBC}") = "RocketToy", "RocketToy\RocketToy.csproj", "{562C5B33-125A-4C94-ADFE-4699D50D41EA}"
EndProject
Global
	GlobalSection(SolutionConfigurationPlatforms) = preSolution
		Debug|Any CPU = Debug|Any CPU
		Release|Any CPU = Release|Any CPU
	EndGlobalSection
	GlobalSection(ProjectConfigurationPlatforms) = postSolution
		{562C5B33-125A-4C94-ADFE-4699D50D41EA}.Debug|Any CPU.ActiveCfg = Debug|Any CPU
		{562C5B33-125A-4C94-ADFE-4699D50D41EA}.Debug|Any CPU.Build.0 = Debug|Any CPU
		{562C5B33-125A-4C94-ADFE-4699D50D41EA}.Release|Any CPU.ActiveCfg = Release|Any CPU
		{562C5B33-125A-4C94-ADFE-4699D50D41EA}.Release|Any CPU.Build.0 = Release|Any CPU
	EndGlobalSection
	GlobalSection(SolutionProperties) = preSolution
		HideSolutionNode = FALSE
	EndGlobalSection
EndGlobal
